
Microsoft Visual Studio Solution File, Format Version 12.00
# Visual Studio for Mac
Project("{FAE04EC0-301F-11D3-BF4B-00C04F79EFBC}") = "Assembly-CSharp", "Assembly-CSharp.csproj", "{6C27DC9E-FDEE-212D-FD66-6A4F8ED7B765}"
EndProject
Project("{FAE04EC0-301F-11D3-BF4B-00C04F79EFBC}") = "Assembly-CSharp-Editor", "Assembly-CSharp-Editor.csproj", "{4547E43F-61F8-5C2F-554B-ED756D1FA2F1}"
EndProject
Global
	GlobalSection(SolutionConfigurationPlatforms) = preSolution
		Debug|Any CPU = Debug|Any CPU
		Release|Any CPU = Release|Any CPU
	EndGlobalSection
	GlobalSection(ProjectConfigurationPlatforms) = postSolution
		{6C27DC9E-FDEE-212D-FD66-6A4F8ED7B765}.Debug|Any CPU.ActiveCfg = Debug|Any CPU
		{6C27DC9E-FDEE-212D-FD66-6A4F8ED7B765}.Debug|Any CPU.Build.0 = Debug|Any CPU
		{6C27DC9E-FDEE-212D-FD66-6A4F8ED7B765}.Release|Any CPU.ActiveCfg = Release|Any CPU
		{6C27DC9E-FDEE-212D-FD66-6A4F8ED7B765}.Release|Any CPU.Build.0 = Release|Any CPU
		{4547E43F-61F8-5C2F-554B-ED756D1FA2F1}.Debug|Any CPU.ActiveCfg = Debug|Any CPU
		{4547E43F-61F8-5C2F-554B-ED756D1FA2F1}.Debug|Any CPU.Build.0 = Debug|Any CPU
		{4547E43F-61F8-5C2F-554B-ED756D1FA2F1}.Release|Any CPU.ActiveCfg = Release|Any CPU
		{4547E43F-61F8-5C2F-554B-ED756D1FA2F1}.Release|Any CPU.Build.0 = Release|Any CPU
	EndGlobalSection
	GlobalSection(SolutionProperties) = preSolution
		HideSolutionNode = FALSE
	EndGlobalSection
EndGlobal
